
Microsoft Visual Studio Solution File, Format Version 12.00
Project("{FAE04EC0-301F-11D3-BF4B-00C04F79EFBC}") = "BSNotes", "BSNotes\BSNotes.csproj", "{9BD5FD97-0B31-439E-8224-3A876275385B}"
EndProject
Global
	GlobalSection(SolutionConfigurationPlatforms) = preSolution
		Debug|Any CPU = Debug|Any CPU
		Release|Any CPU = Release|Any CPU
	EndGlobalSection
	GlobalSection(ProjectConfigurationPlatforms) = postSolution
		{9BD5FD97-0B31-439E-8224-3A876275385B}.Debug|Any CPU.ActiveCfg = Debug|Any CPU
		{9BD5FD97-0B31-439E-8224-3A876275385B}.Debug|Any CPU.Build.0 = Debug|Any CPU
		{9BD5FD97-0B31-439E-8224-3A876275385B}.Release|Any CPU.ActiveCfg = Release|Any CPU
		{9BD5FD97-0B31-439E-8224-3A876275385B}.Release|Any CPU.Build.0 = Release|Any CPU
	EndGlobalSection
EndGlobal
